// !$*UTF8*$!
{
	archiveVersion = 1;
	classes = {
	};
	objectVersion = 77;
	objects = {

/* Begin PBXContainerItemProxy section */
		6F25BC682D2A948700DF7192 /* PBXContainerItemProxy */ = {
			isa = PBXContainerItemProxy;
			containerPortal = 6F25BC4F2D2A948500DF7192 /* Project object */;
			proxyType = 1;
			remoteGlobalIDString = 6F25BC562D2A948500DF7192;
			remoteInfo = Help_Support_iOS;
		};
		6F25BC722D2A948700DF7192 /* PBXContainerItemProxy */ = {
			isa = PBXContainerItemProxy;
			containerPortal = 6F25BC4F2D2A948500DF7192 /* Project object */;
			proxyType = 1;
			remoteGlobalIDString = 6F25BC562D2A948500DF7192;
			remoteInfo = Help_Support_iOS;
		};
/* End PBXContainerItemProxy section */

/* Begin PBXFileReference section */
		6F25BC572D2A948500DF7192 /* Help_Support_iOS.app */ = {isa = PBXFileReference; explicitFileType = wrapper.application; includeInIndex = 0; path = Help_Support_iOS.app; sourceTree = BUILT_PRODUCTS_DIR; };
		6F25BC672D2A948700DF7192 /* Help_Support_iOSTests.xctest */ = {isa = PBXFileReference; explicitFileType = wrapper.cfbundle; includeInIndex = 0; path = Help_Support_iOSTests.xctest; sourceTree = BUILT_PRODUCTS_DIR; };
		6F25BC712D2A948700DF7192 /* Help_Support_iOSUITests.xctest */ = {isa = PBXFileReference; explicitFileType = wrapper.cfbundle; includeInIndex = 0; path = Help_Support_iOSUITests.xctest; sourceTree = BUILT_PRODUCTS_DIR; };
/* End PBXFileReference section */

/* Begin PBXFileSystemSynchronizedRootGroup section */
		6F25BC592D2A948500DF7192 /* Help_Support_iOS */ = {
			isa = PBXFileSystemSynchronizedRootGroup;
			path = Help_Support_iOS;
			sourceTree = "<group>";
		};
		6F25BC6A2D2A948700DF7192 /* Help_Support_iOSTests */ = {
			isa = PBXFileSystemSynchronizedRootGroup;
			path = Help_Support_iOSTests;
			sourceTree = "<group>";
		};
		6F25BC742D2A948700DF7192 /* Help_Support_iOSUITests */ = {
			isa = PBXFileSystemSynchronizedRootGroup;
			path = Help_Support_iOSUITests;
			sourceTree = "<group>";
		};
/* End PBXFileSystemSynchronizedRootGroup section */

/* Begin PBXFrameworksBuildPhase section */
		6F25BC542D2A948500DF7192 /* Frameworks */ = {
			isa = PBXFrameworksBuildPhase;
			buildActionMask = 2147483647;
			files = (
			);
			runOnlyForDeploymentPostprocessing = 0;
		};
		6F25BC642D2A948700DF7192 /* Frameworks */ = {
			isa = PBXFrameworksBuildPhase;
			buildActionMask = 2147483647;
			files = (
			);
			runOnlyForDeploymentPostprocessing = 0;
		};
		6F25BC6E2D2A948700DF7192 /* Frameworks */ = {
			isa = PBXFrameworksBuildPhase;
			buildActionMask = 2147483647;
			files = (
			);
			runOnlyForDeploymentPostprocessing = 0;
		};
/* End PBXFrameworksBuildPhase section */

/* Begin PBXGroup section */
		6F25BC4E2D2A948500DF7192 = {
			isa = PBXGroup;
			children = (
				6F25BC592D2A948500DF7192 /* Help_Support_iOS */,
				6F25BC6A2D2A948700DF7192 /* Help_Support_iOSTests */,
				6F25BC742D2A948700DF7192 /* Help_Support_iOSUITests */,
				6F25BC582D2A948500DF7192 /* Products */,
			);
			sourceTree = "<group>";
		};
		6F25BC582D2A948500DF7192 /* Products */ = {
			isa = PBXGroup;
			children = (
				6F25BC572D2A948500DF7192 /* Help_Support_iOS.app */,
				6F25BC672D2A948700DF7192 /* Help_Support_iOSTests.xctest */,
				6F25BC712D2A948700DF7192 /* Help_Support_iOSUITests.xctest */,
			);
			name = Products;
			sourceTree = "<group>";
		};
/* End PBXGroup section */

/* Begin PBXNativeTarget section */
		6F25BC562D2A948500DF7192 /* Help_Support_iOS */ = {
			isa = PBXNativeTarget;
			buildConfigurationList = 6F25BC7B2D2A948700DF7192 /* Build configuration list for PBXNativeTarget "Help_Support_iOS" */;
			buildPhases = (
				6F25BC532D2A948500DF7192 /* Sources */,
				6F25BC542D2A948500DF7192 /* Frameworks */,
				6F25BC552D2A948500DF7192 /* Resources */,
			);
			buildRules = (
			);
			dependencies = (
			);
			fileSystemSynchronizedGroups = (
				6F25BC592D2A948500DF7192 /* Help_Support_iOS */,
			);
			name = Help_Support_iOS;
			packageProductDependencies = (
			);
			productName = Help_Support_iOS;
			productReference = 6F25BC572D2A948500DF7192 /* Help_Support_iOS.app */;
			productType = "com.apple.product-type.application";
		};
		6F25BC662D2A948700DF7192 /* Help_Support_iOSTests */ = {
			isa = PBXNativeTarget;
			buildConfigurationList = 6F25BC7E2D2A948700DF7192 /* Build configuration list for PBXNativeTarget "Help_Support_iOSTests" */;
			buildPhases = (
				6F25BC632D2A948700DF7192 /* Sources */,
				6F25BC642D2A948700DF7192 /* Frameworks */,
				6F25BC652D2A948700DF7192 /* Resources */,
			);
			buildRules = (
			);
			dependencies = (
				6F25BC692D2A948700DF7192 /* PBXTargetDependency */,
			);
			fileSystemSynchronizedGroups = (
				6F25BC6A2D2A948700DF7192 /* Help_Support_iOSTests */,
			);
			name = Help_Support_iOSTests;
			packageProductDependencies = (
			);
			productName = Help_Support_iOSTests;
			productReference = 6F25BC672D2A948700DF7192 /* Help_Support_iOSTests.xctest */;
			productType = "com.apple.product-type.bundle.unit-test";
		};
		6F25BC702D2A948700DF7192 /* Help_Support_iOSUITests */ = {
			isa = PBXNativeTarget;
			buildConfigurationList = 6F25BC812D2A948700DF7192 /* Build configuration list for PBXNativeTarget "Help_Support_iOSUITests" */;
			buildPhases = (
				6F25BC6D2D2A948700DF7192 /* Sources */,
				6F25BC6E2D2A948700DF7192 /* Frameworks */,
				6F25BC6F2D2A948700DF7192 /* Resources */,
			);
			buildRules = (
			);
			dependencies = (
				6F25BC732D2A948700DF7192 /* PBXTargetDependency */,
			);
			fileSystemSynchronizedGroups = (
				6F25BC742D2A948700DF7192 /* Help_Support_iOSUITests */,
			);
			name = Help_Support_iOSUITests;
			packageProductDependencies = (
			);
			productName = Help_Support_iOSUITests;
			productReference = 6F25BC712D2A948700DF7192 /* Help_Support_iOSUITests.xctest */;
			productType = "com.apple.product-type.bundle.ui-testing";
		};
/* End PBXNativeTarget section */

/* Begin PBXProject section */
		6F25BC4F2D2A948500DF7192 /* Project object */ = {
			isa = PBXProject;
			attributes = {
				BuildIndependentTargetsInParallel = 1;
				LastSwiftUpdateCheck = 1620;
				LastUpgradeCheck = 1620;
				TargetAttributes = {
					6F25BC562D2A948500DF7192 = {
						CreatedOnToolsVersion = 16.2;
					};
					6F25BC662D2A948700DF7192 = {
						CreatedOnToolsVersion = 16.2;
						TestTargetID = 6F25BC562D2A948500DF7192;
					};
					6F25BC702D2A948700DF7192 = {
						CreatedOnToolsVersion = 16.2;
						TestTargetID = 6F25BC562D2A948500DF7192;
					};
				};
			};
			buildConfigurationList = 6F25BC522D2A948500DF7192 /* Build configuration list for PBXProject "Help_Support_iOS" */;
			developmentRegion = en;
			hasScannedForEncodings = 0;
			knownRegions = (
				en,
				Base,
			);
			mainGroup = 6F25BC4E2D2A948500DF7192;
			minimizedProjectReferenceProxies = 1;
			preferredProjectObjectVersion = 77;
			productRefGroup = 6F25BC582D2A948500DF7192 /* Products */;
			projectDirPath = "";
			projectRoot = "";
			targets = (
				6F25BC562D2A948500DF7192 /* Help_Support_iOS */,
				6F25BC662D2A948700DF7192 /* Help_Support_iOSTests */,
				6F25BC702D2A948700DF7192 /* Help_Support_iOSUITests */,
			);
		};
/* End PBXProject section */

/* Begin PBXResourcesBuildPhase section */
		6F25BC552D2A948500DF7192 /* Resources */ = {
			isa = PBXResourcesBuildPhase;
			buildActionMask = 2147483647;
			files = (
			);
			runOnlyForDeploymentPostprocessing = 0;
		};
		6F25BC652D2A948700DF7192 /* Resources */ = {
			isa = PBXResourcesBuildPhase;
			buildActionMask = 2147483647;
			files = (
			);
			runOnlyForDeploymentPostprocessing = 0;
		};
		6F25BC6F2D2A948700DF7192 /* Resources */ = {
			isa = PBXResourcesBuildPhase;
			buildActionMask = 2147483647;
			files = (
			);
			runOnlyForDeploymentPostprocessing = 0;
		};
/* End PBXResourcesBuildPhase section */

/* Begin PBXSourcesBuildPhase section */
		6F25BC532D2A948500DF7192 /* Sources */ = {
			isa = PBXSourcesBuildPhase;
			buildActionMask = 2147483647;
			files = (
			);
			runOnlyForDeploymentPostprocessing = 0;
		};
		6F25BC632D2A948700DF7192 /* Sources */ = {
			isa = PBXSourcesBuildPhase;
			buildActionMask = 2147483647;
			files = (
			);
			runOnlyForDeploymentPostprocessing = 0;
		};
		6F25BC6D2D2A948700DF7192 /* Sources */ = {
			isa = PBXSourcesBuildPhase;
			buildActionMask = 2147483647;
			files = (
			);
			runOnlyForDeploymentPostprocessing = 0;
		};
/* End PBXSourcesBuildPhase section */

/* Begin PBXTargetDependency section */
		6F25BC692D2A948700DF7192 /* PBXTargetDependency */ = {
			isa = PBXTargetDependency;
			target = 6F25BC562D2A948500DF7192 /* Help_Support_iOS */;
			targetProxy = 6F25BC682D2A948700DF7192 /* PBXContainerItemProxy */;
		};
		6F25BC732D2A948700DF7192 /* PBXTargetDependency */ = {
			isa = PBXTargetDependency;
			target = 6F25BC562D2A948500DF7192 /* Help_Support_iOS */;
			targetProxy = 6F25BC722D2A948700DF7192 /* PBXContainerItemProxy */;
		};
/* End PBXTargetDependency section */

/* Begin XCBuildConfiguration section */
		6F25BC792D2A948700DF7192 /* Debug */ = {
			isa = XCBuildConfiguration;
			buildSettings = {
				ALWAYS_SEARCH_USER_PATHS = NO;
				ASSETCATALOG_COMPILER_GENERATE_SWIFT_ASSET_SYMBOL_EXTENSIONS = YES;
				CLANG_ANALYZER_NONNULL = YES;
				CLANG_ANALYZER_NUMBER_OBJECT_CONVERSION = YES_AGGRESSIVE;
				CLANG_CXX_LANGUAGE_STANDARD = "gnu++20";
				CLANG_ENABLE_MODULES = YES;
				CLANG_ENABLE_OBJC_ARC = YES;
				CLANG_ENABLE_OBJC_WEAK = YES;
				CLANG_WARN_BLOCK_CAPTURE_AUTORELEASING = YES;
				CLANG_WARN_BOOL_CONVERSION = YES;
				CLANG_WARN_COMMA = YES;
				CLANG_WARN_CONSTANT_CONVERSION = YES;
				CLANG_WARN_DEPRECATED_OBJC_IMPLEMENTATIONS = YES;
				CLANG_WARN_DIRECT_OBJC_ISA_USAGE = YES_ERROR;
				CLANG_WARN_DOCUMENTATION_COMMENTS = YES;
				CLANG_WARN_EMPTY_BODY = YES;
				CLANG_WARN_ENUM_CONVERSION = YES;
				CLANG_WARN_INFINITE_RECURSION = YES;
				CLANG_WARN_INT_CONVERSION = YES;
				CLANG_WARN_NON_LITERAL_NULL_CONVERSION = YES;
				CLANG_WARN_OBJC_IMPLICIT_RETAIN_SELF = YES;
				CLANG_WARN_OBJC_LITERAL_CONVERSION = YES;
				CLANG_WARN_OBJC_ROOT_CLASS = YES_ERROR;
				CLANG_WARN_QUOTED_INCLUDE_IN_FRAMEWORK_HEADER = YES;
				CLANG_WARN_RANGE_LOOP_ANALYSIS = YES;
				CLANG_WARN_STRICT_PROTOTYPES = YES;
				CLANG_WARN_SUSPICIOUS_MOVE = YES;
				CLANG_WARN_UNGUARDED_AVAILABILITY = YES_AGGRESSIVE;
				CLANG_WARN_UNREACHABLE_CODE = YES;
				CLANG_WARN__DUPLICATE_METHOD_MATCH = YES;
				COPY_PHASE_STRIP = NO;
				DEBUG_INFORMATION_FORMAT = dwarf;
				ENABLE_STRICT_OBJC_MSGSEND = YES;
				ENABLE_TESTABILITY = YES;
				ENABLE_USER_SCRIPT_SANDBOXING = YES;
				GCC_C_LANGUAGE_STANDARD = gnu17;
				GCC_DYNAMIC_NO_PIC = NO;
				GCC_NO_COMMON_BLOCKS = YES;
				GCC_OPTIMIZATION_LEVEL = 0;
				GCC_PREPROCESSOR_DEFINITIONS = (
					"DEBUG=1",
					"$(inherited)",
				);
				GCC_WARN_64_TO_32_BIT_CONVERSION = YES;
				GCC_WARN_ABOUT_RETURN_TYPE = YES_ERROR;
				GCC_WARN_UNDECLARED_SELECTOR = YES;
				GCC_WARN_UNINITIALIZED_AUTOS = YES_AGGRESSIVE;
				GCC_WARN_UNUSED_FUNCTION = YES;
				GCC_WARN_UNUSED_VARIABLE = YES;
				IPHONEOS_DEPLOYMENT_TARGET = 18.2;
				LOCALIZATION_PREFERS_STRING_CATALOGS = YES;
				MTL_ENABLE_DEBUG_INFO = INCLUDE_SOURCE;
				MTL_FAST_MATH = YES;
				ONLY_ACTIVE_ARCH = YES;
				SDKROOT = iphoneos;
				SWIFT_ACTIVE_COMPILATION_CONDITIONS = "DEBUG $(inherited)";
				SWIFT_OPTIMIZATION_LEVEL = "-Onone";
			};
			name = Debug;
		};
		6F25BC7A2D2A948700DF7192 /* Release */ = {
			isa = XCBuildConfiguration;
			buildSettings = {
				ALWAYS_SEARCH_USER_PATHS = NO;
				ASSETCATALOG_COMPILER_GENERATE_SWIFT_ASSET_SYMBOL_EXTENSIONS = YES;
				CLANG_ANALYZER_NONNULL = YES;
				CLANG_ANALYZER_NUMBER_OBJECT_CONVERSION = YES_AGGRESSIVE;
				CLANG_CXX_LANGUAGE_STANDARD = "gnu++20";
				CLANG_ENABLE_MODULES = YES;
				CLANG_ENABLE_OBJC_ARC = YES;
				CLANG_ENABLE_OBJC_WEAK = YES;
				CLANG_WARN_BLOCK_CAPTURE_AUTORELEASING = YES;
				CLANG_WARN_BOOL_CONVERSION = YES;
				CLANG_WARN_COMMA = YES;
				CLANG_WARN_CONSTANT_CONVERSION = YES;
				CLANG_WARN_DEPRECATED_OBJC_IMPLEMENTATIONS = YES;
				CLANG_WARN_DIRECT_OBJC_ISA_USAGE = YES_ERROR;
				CLANG_WARN_DOCUMENTATION_COMMENTS = YES;
				CLANG_WARN_EMPTY_BODY = YES;
				CLANG_WARN_ENUM_CONVERSION = YES;
				CLANG_WARN_INFINITE_RECURSION = YES;
				CLANG_WARN_INT_CONVERSION = YES;
				CLANG_WARN_NON_LITERAL_NULL_CONVERSION = YES;
				CLANG_WARN_OBJC_IMPLICIT_RETAIN_SELF = YES;
				CLANG_WARN_OBJC_LITERAL_CONVERSION = YES;
				CLANG_WARN_OBJC_ROOT_CLASS = YES_ERROR;
				CLANG_WARN_QUOTED_INCLUDE_IN_FRAMEWORK_HEADER = YES;
				CLANG_WARN_RANGE_LOOP_ANALYSIS = YES;
				CLANG_WARN_STRICT_PROTOTYPES = YES;
				CLANG_WARN_SUSPICIOUS_MOVE = YES;
				CLANG_WARN_UNGUARDED_AVAILABILITY = YES_AGGRESSIVE;
				CLANG_WARN_UNREACHABLE_CODE = YES;
				CLANG_WARN__DUPLICATE_METHOD_MATCH = YES;
				COPY_PHASE_STRIP = NO;
				DEBUG_INFORMATION_FORMAT = "dwarf-with-dsym";
				ENABLE_NS_ASSERTIONS = NO;
				ENABLE_STRICT_OBJC_MSGSEND = YES;
				ENABLE_USER_SCRIPT_SANDBOXING = YES;
				GCC_C_LANGUAGE_STANDARD = gnu17;
				GCC_NO_COMMON_BLOCKS = YES;
				GCC_WARN_64_TO_32_BIT_CONVERSION = YES;
				GCC_WARN_ABOUT_RETURN_TYPE = YES_ERROR;
				GCC_WARN_UNDECLARED_SELECTOR = YES;
				GCC_WARN_UNINITIALIZED_AUTOS = YES_AGGRESSIVE;
				GCC_WARN_UNUSED_FUNCTION = YES;
				GCC_WARN_UNUSED_VARIABLE = YES;
				IPHONEOS_DEPLOYMENT_TARGET = 18.2;
				LOCALIZATION_PREFERS_STRING_CATALOGS = YES;
				MTL_ENABLE_DEBUG_INFO = NO;
				MTL_FAST_MATH = YES;
				SDKROOT = iphoneos;
				SWIFT_COMPILATION_MODE = wholemodule;
				VALIDATE_PRODUCT = YES;
			};
			name = Release;
		};
		6F25BC7C2D2A948700DF7192 /* Debug */ = {
			isa = XCBuildConfiguration;
			buildSettings = {
				ASSETCATALOG_COMPILER_APPICON_NAME = AppIcon;
				ASSETCATALOG_COMPILER_GLOBAL_ACCENT_COLOR_NAME = AccentColor;
				CODE_SIGN_STYLE = Automatic;
				CURRENT_PROJECT_VERSION = 1;
				DEVELOPMENT_ASSET_PATHS = "\"Help_Support_iOS/Preview Content\"";
				ENABLE_PREVIEWS = YES;
				GENERATE_INFOPLIST_FILE = YES;
				INFOPLIST_KEY_UIApplicationSceneManifest_Generation = YES;
				INFOPLIST_KEY_UIApplicationSupportsIndirectInputEvents = YES;
				INFOPLIST_KEY_UILaunchScreen_Generation = YES;
				INFOPLIST_KEY_UISupportedInterfaceOrientations_iPad = "UIInterfaceOrientationPortrait UIInterfaceOrientationPortraitUpsideDown UIInterfaceOrientationLandscapeLeft UIInterfaceOrientationLandscapeRight";
				INFOPLIST_KEY_UISupportedInterfaceOrientations_iPhone = "UIInterfaceOrientationPortrait UIInterfaceOrientationLandscapeLeft UIInterfaceOrientationLandscapeRight";
				LD_RUNPATH_SEARCH_PATHS = (
					"$(inherited)",
					"@executable_path/Frameworks",
				);
				MARKETING_VERSION = 1.0;
				PRODUCT_BUNDLE_IDENTIFIER = "HelpandSupport.Help-Support-iOS";
				PRODUCT_NAME = "$(TARGET_NAME)";
				SWIFT_EMIT_LOC_STRINGS = YES;
				SWIFT_VERSION = 5.0;
				TARGETED_DEVICE_FAMILY = "1,2";
			};
			name = Debug;
		};
		6F25BC7D2D2A948700DF7192 /* Release */ = {
			isa = XCBuildConfiguration;
			buildSettings = {
				ASSETCATALOG_COMPILER_APPICON_NAME = AppIcon;
				ASSETCATALOG_COMPILER_GLOBAL_ACCENT_COLOR_NAME = AccentColor;
				CODE_SIGN_STYLE = Automatic;
				CURRENT_PROJECT_VERSION = 1;
				DEVELOPMENT_ASSET_PATHS = "\"Help_Support_iOS/Preview Content\"";
				ENABLE_PREVIEWS = YES;
				GENERATE_INFOPLIST_FILE = YES;
				INFOPLIST_KEY_UIApplicationSceneManifest_Generation = YES;
				INFOPLIST_KEY_UIApplicationSupportsIndirectInputEvents = YES;
				INFOPLIST_KEY_UILaunchScreen_Generation = YES;
				INFOPLIST_KEY_UISupportedInterfaceOrientations_iPad = "UIInterfaceOrientationPortrait UIInterfaceOrientationPortraitUpsideDown UIInterfaceOrientationLandscapeLeft UIInterfaceOrientationLandscapeRight";
				INFOPLIST_KEY_UISupportedInterfaceOrientations_iPhone = "UIInterfaceOrientationPortrait UIInterfaceOrientationLandscapeLeft UIInterfaceOrientationLandscapeRight";
				LD_RUNPATH_SEARCH_PATHS = (
					"$(inherited)",
					"@executable_path/Frameworks",
				);
				MARKETING_VERSION = 1.0;
				PRODUCT_BUNDLE_IDENTIFIER = "HelpandSupport.Help-Support-iOS";
				PRODUCT_NAME = "$(TARGET_NAME)";
				SWIFT_EMIT_LOC_STRINGS = YES;
				SWIFT_VERSION = 5.0;
				TARGETED_DEVICE_FAMILY = "1,2";
			};
			name = Release;
		};
		6F25BC7F2D2A948700DF7192 /* Debug */ = {
			isa = XCBuildConfiguration;
			buildSettings = {
				BUNDLE_LOADER = "$(TEST_HOST)";
				CODE_SIGN_STYLE = Automatic;
				CURRENT_PROJECT_VERSION = 1;
				GENERATE_INFOPLIST_FILE = YES;
				IPHONEOS_DEPLOYMENT_TARGET = 18.2;
				MARKETING_VERSION = 1.0;
				PRODUCT_BUNDLE_IDENTIFIER = "HelpandSupport.Help-Support-iOSTests";
				PRODUCT_NAME = "$(TARGET_NAME)";
				SWIFT_EMIT_LOC_STRINGS = NO;
				SWIFT_VERSION = 5.0;
				TARGETED_DEVICE_FAMILY = "1,2";
				TEST_HOST = "$(BUILT_PRODUCTS_DIR)/Help_Support_iOS.app/$(BUNDLE_EXECUTABLE_FOLDER_PATH)/Help_Support_iOS";
			};
			name = Debug;
		};
		6F25BC802D2A948700DF7192 /* Release */ = {
			isa = XCBuildConfiguration;
			buildSettings = {
				BUNDLE_LOADER = "$(TEST_HOST)";
				CODE_SIGN_STYLE = Automatic;
				CURRENT_PROJECT_VERSION = 1;
				GENERATE_INFOPLIST_FILE = YES;
				IPHONEOS_DEPLOYMENT_TARGET = 18.2;
				MARKETING_VERSION = 1.0;
				PRODUCT_BUNDLE_IDENTIFIER = "HelpandSupport.Help-Support-iOSTests";
				PRODUCT_NAME = "$(TARGET_NAME)";
				SWIFT_EMIT_LOC_STRINGS = NO;
				SWIFT_VERSION = 5.0;
				TARGETED_DEVICE_FAMILY = "1,2";
				TEST_HOST = "$(BUILT_PRODUCTS_DIR)/Help_Support_iOS.app/$(BUNDLE_EXECUTABLE_FOLDER_PATH)/Help_Support_iOS";
			};
			name = Release;
		};
		6F25BC822D2A948700DF7192 /* Debug */ = {
			isa = XCBuildConfiguration;
			buildSettings = {
				CODE_SIGN_STYLE = Automatic;
				CURRENT_PROJECT_VERSION = 1;
				GENERATE_INFOPLIST_FILE = YES;
				MARKETING_VERSION = 1.0;
				PRODUCT_BUNDLE_IDENTIFIER = "HelpandSupport.Help-Support-iOSUITests";
				PRODUCT_NAME = "$(TARGET_NAME)";
				SWIFT_EMIT_LOC_STRINGS = NO;
				SWIFT_VERSION = 5.0;
				TARGETED_DEVICE_FAMILY = "1,2";
				TEST_TARGET_NAME = Help_Support_iOS;
			};
			name = Debug;
		};
		6F25BC832D2A948700DF7192 /* Release */ = {
			isa = XCBuildConfiguration;
			buildSettings = {
				CODE_SIGN_STYLE = Automatic;
				CURRENT_PROJECT_VERSION = 1;
				GENERATE_INFOPLIST_FILE = YES;
				MARKETING_VERSION = 1.0;
				PRODUCT_BUNDLE_IDENTIFIER = "HelpandSupport.Help-Support-iOSUITests";
				PRODUCT_NAME = "$(TARGET_NAME)";
				SWIFT_EMIT_LOC_STRINGS = NO;
				SWIFT_VERSION = 5.0;
				TARGETED_DEVICE_FAMILY = "1,2";
				TEST_TARGET_NAME = Help_Support_iOS;
			};
			name = Release;
		};
/* End XCBuildConfiguration section */

/* Begin XCConfigurationList section */
		6F25BC522D2A948500DF7192 /* Build configuration list for PBXProject "Help_Support_iOS" */ = {
			isa = XCConfigurationList;
			buildConfigurations = (
				6F25BC792D2A948700DF7192 /* Debug */,
				6F25BC7A2D2A948700DF7192 /* Release */,
			);
			defaultConfigurationIsVisible = 0;
			defaultConfigurationName = Release;
		};
		6F25BC7B2D2A948700DF7192 /* Build configuration list for PBXNativeTarget "Help_Support_iOS" */ = {
			isa = XCConfigurationList;
			buildConfigurations = (
				6F25BC7C2D2A948700DF7192 /* Debug */,
				6F25BC7D2D2A948700DF7192 /* Release */,
			);
			defaultConfigurationIsVisible = 0;
			defaultConfigurationName = Release;
		};
		6F25BC7E2D2A948700DF7192 /* Build configuration list for PBXNativeTarget "Help_Support_iOSTests" */ = {
			isa = XCConfigurationList;
			buildConfigurations = (
				6F25BC7F2D2A948700DF7192 /* Debug */,
				6F25BC802D2A948700DF7192 /* Release */,
			);
			defaultConfigurationIsVisible = 0;
			defaultConfigurationName = Release;
		};
		6F25BC812D2A948700DF7192 /* Build configuration list for PBXNativeTarget "Help_Support_iOSUITests" */ = {
			isa = XCConfigurationList;
			buildConfigurations = (
				6F25BC822D2A948700DF7192 /* Debug */,
				6F25BC832D2A948700DF7192 /* Release */,
			);
			defaultConfigurationIsVisible = 0;
			defaultConfigurationName = Release;
		};
/* End XCConfigurationList section */
	};
	rootObject = 6F25BC4F2D2A948500DF7192 /* Project object */;
}
